<Solution>
  <Folder Name="/src/">
    <Project Path="src/Sundown.Showrunner.Application/Sundown.Showrunner.Application.csproj" />
    <Project Path="src/Sundown.Showrunner.Domain/Sundown.Showrunner.Domain.csproj" />
    <Project Path="src/Sundown.Showrunner.Infrastructure/Sundown.Showrunner.Infrastructure.csproj" />
    <Project Path="src/Sundown.Showrunner.Mcp/Sundown.Showrunner.Mcp.csproj" />
  </Folder>
  <Folder Name="/tests/">
    <Project Path="tests/Sundown.Showrunner.Application.Tests/Sundown.Showrunner.Application.Tests.csproj" />
    <Project Path="tests/Sundown.Showrunner.Domain.Tests/Sundown.Showrunner.Domain.Tests.csproj" />
    <Project Path="tests/Sundown.Showrunner.Mcp.Tests/Sundown.Showrunner.Mcp.Tests.csproj" />
  </Folder>
</Solution>
